
Microsoft Visual Studio Solution File, Format Version 12.00
# Visual Studio Version 16
VisualStudioVersion = 16.0.28803.156
MinimumVisualStudioVersion = 10.0.40219.1
Project("{FAE04EC0-301F-11D3-BF4B-00C04F79EFBC}") = "LSCodeGenerator", "LSCodeGenerator.csproj", "{854E2F6A-B077-484D-B0B4-68744AAE8E81}"
EndProject
Global
	GlobalSection(SolutionConfigurationPlatforms) = preSolution
		Debug|Any CPU = Debug|Any CPU
		Release|Any CPU = Release|Any CPU
	EndGlobalSection
	GlobalSection(ProjectConfigurationPlatforms) = postSolution
		{854E2F6A-B077-484D-B0B4-68744AAE8E81}.Debug|Any CPU.ActiveCfg = Debug|Any CPU
		{854E2F6A-B077-484D-B0B4-68744AAE8E81}.Debug|Any CPU.Build.0 = Debug|Any CPU
		{854E2F6A-B077-484D-B0B4-68744AAE8E81}.Release|Any CPU.ActiveCfg = Release|Any CPU
		{854E2F6A-B077-484D-B0B4-68744AAE8E81}.Release|Any CPU.Build.0 = Release|Any CPU
	EndGlobalSection
	GlobalSection(SolutionProperties) = preSolution
		HideSolutionNode = FALSE
	EndGlobalSection
	GlobalSection(ExtensibilityGlobals) = postSolution
		SolutionGuid = {ECE05BAF-ED7F-47EA-A8EE-CA57B1B9F4FD}
	EndGlobalSection
EndGlobal
